
Microsoft Visual Studio Solution File, Format Version 12.00
# Visual Studio Version 17
VisualStudioVersion = 17.6.33723.286
MinimumVisualStudioVersion = 10.0.40219.1
Project("{FAE04EC0-301F-11D3-BF4B-00C04F79EFBC}") = "BeautySalonWebApp", "BeautySalonWebApp\BeautySalonWebApp.csproj", "{DAC31861-7822-486A-82E8-BA518920CB0C}"
EndProject
Global
	GlobalSection(SolutionConfigurationPlatforms) = preSolution
		Debug|Any CPU = Debug|Any CPU
		Release|Any CPU = Release|Any CPU
	EndGlobalSection
	GlobalSection(ProjectConfigurationPlatforms) = postSolution
		{DAC31861-7822-486A-82E8-BA518920CB0C}.Debug|Any CPU.ActiveCfg = Debug|Any CPU
		{DAC31861-7822-486A-82E8-BA518920CB0C}.Debug|Any CPU.Build.0 = Debug|Any CPU
		{DAC31861-7822-486A-82E8-BA518920CB0C}.Release|Any CPU.ActiveCfg = Release|Any CPU
		{DAC31861-7822-486A-82E8-BA518920CB0C}.Release|Any CPU.Build.0 = Release|Any CPU
	EndGlobalSection
	GlobalSection(SolutionProperties) = preSolution
		HideSolutionNode = FALSE
	EndGlobalSection
	GlobalSection(ExtensibilityGlobals) = postSolution
		SolutionGuid = {DC72DE29-E6CB-48B2-9158-66E12CB14DF1}
	EndGlobalSection
EndGlobal
